
Microsoft Visual Studio Solution File, Format Version 12.00
# Visual Studio Version 16
VisualStudioVersion = 16.0.30011.22
MinimumVisualStudioVersion = 10.0.40219.1
Project("{FAE04EC0-301F-11D3-BF4B-00C04F79EFBC}") = "CustomersAJAX", "CustomersAJAX.csproj", "{18677EE3-CA8A-49A5-ABCD-C2052FF79114}"
EndProject
Global
	GlobalSection(SolutionConfigurationPlatforms) = preSolution
		Debug|Any CPU = Debug|Any CPU
		Release|Any CPU = Release|Any CPU
	EndGlobalSection
	GlobalSection(ProjectConfigurationPlatforms) = postSolution
		{18677EE3-CA8A-49A5-ABCD-C2052FF79114}.Debug|Any CPU.ActiveCfg = Debug|Any CPU
		{18677EE3-CA8A-49A5-ABCD-C2052FF79114}.Debug|Any CPU.Build.0 = Debug|Any CPU
		{18677EE3-CA8A-49A5-ABCD-C2052FF79114}.Release|Any CPU.ActiveCfg = Release|Any CPU
		{18677EE3-CA8A-49A5-ABCD-C2052FF79114}.Release|Any CPU.Build.0 = Release|Any CPU
	EndGlobalSection
	GlobalSection(SolutionProperties) = preSolution
		HideSolutionNode = FALSE
	EndGlobalSection
	GlobalSection(ExtensibilityGlobals) = postSolution
		SolutionGuid = {3296E1C2-3BB8-4107-AD0F-665D8AA034E4}
	EndGlobalSection
EndGlobal
